{
  "name": "s3-signing-server",
  "version": "1.0.0",
  "lockfileVersion": 3,
  "requires": true,
  "packages": {
    "": {
      "name": "s3-signing-server",
      "version": "1.0.0",
      "dependencies": {
        "@aws-sdk/client-s3": "^3.709.0",
        "@aws-sdk/s3-request-presigner": "^3.709.0",
        "cors": "^2.8.5",
        "express": "^4.21.2",
        "jsonwebtoken": "^9.0.2"
      }
    },
    "../../../node_modules/.pnpm/@aws-sdk+client-s3@3.1019.0/node_modules/@aws-sdk/client-s3": {
      "version": "3.1019.0",
      "license": "Apache-2.0",
      "dependencies": {
        "@aws-crypto/sha1-browser": "5.2.0",
        "@aws-crypto/sha256-browser": "5.2.0",
        "@aws-crypto/sha256-js": "5.2.0",
        "@aws-sdk/core": "^3.973.25",
        "@aws-sdk/credential-provider-node": "^3.972.27",
        "@aws-sdk/middleware-bucket-endpoint": "^3.972.8",
        "@aws-sdk/middleware-expect-continue": "^3.972.8",
        "@aws-sdk/middleware-flexible-checksums": "^3.974.5",
        "@aws-sdk/middleware-host-header": "^3.972.8",
        "@aws-sdk/middleware-location-constraint": "^3.972.8",
        "@aws-sdk/middleware-logger": "^3.972.8",
        "@aws-sdk/middleware-recursion-detection": "^3.972.9",
        "@aws-sdk/middleware-sdk-s3": "^3.972.26",
        "@aws-sdk/middleware-ssec": "^3.972.8",
        "@aws-sdk/middleware-user-agent": "^3.972.26",
        "@aws-sdk/region-config-resolver": "^3.972.10",
        "@aws-sdk/signature-v4-multi-region": "^3.996.14",
        "@aws-sdk/types": "^3.973.6",
        "@aws-sdk/util-endpoints": "^3.996.5",
        "@aws-sdk/util-user-agent-browser": "^3.972.8",
        "@aws-sdk/util-user-agent-node": "^3.973.12",
        "@smithy/config-resolver": "^4.4.13",
        "@smithy/core": "^3.23.12",
        "@smithy/eventstream-serde-browser": "^4.2.12",
        "@smithy/eventstream-serde-config-resolver": "^4.3.12",
        "@smithy/eventstream-serde-node": "^4.2.12",
        "@smithy/fetch-http-handler": "^5.3.15",
        "@smithy/hash-blob-browser": "^4.2.13",
        "@smithy/hash-node": "^4.2.12",
        "@smithy/hash-stream-node": "^4.2.12",
        "@smithy/invalid-dependency": "^4.2.12",
        "@smithy/md5-js": "^4.2.12",
        "@smithy/middleware-content-length": "^4.2.12",
        "@smithy/middleware-endpoint": "^4.4.27",
        "@smithy/middleware-retry": "^4.4.44",
        "@smithy/middleware-serde": "^4.2.15",
        "@smithy/middleware-stack": "^4.2.12",
        "@smithy/node-config-provider": "^4.3.12",
        "@smithy/node-http-handler": "^4.5.0",
        "@smithy/protocol-http": "^5.3.12",
        "@smithy/smithy-client": "^4.12.7",
        "@smithy/types": "^4.13.1",
        "@smithy/url-parser": "^4.2.12",
        "@smithy/util-base64": "^4.3.2",
        "@smithy/util-body-length-browser": "^4.2.2",
        "@smithy/util-body-length-node": "^4.2.3",
        "@smithy/util-defaults-mode-browser": "^4.3.43",
        "@smithy/util-defaults-mode-node": "^4.2.47",
        "@smithy/util-endpoints": "^3.3.3",
        "@smithy/util-middleware": "^4.2.12",
        "@smithy/util-retry": "^4.2.12",
        "@smithy/util-stream": "^4.5.20",
        "@smithy/util-utf8": "^4.2.2",
        "@smithy/util-waiter": "^4.2.13",
        "tslib": "^2.6.2"
      },
      "devDependencies": {
        "@aws-sdk/signature-v4-crt": "3.1019.0",
        "@smithy/snapshot-testing": "^2.0.3",
        "@tsconfig/node20": "20.1.8",
        "@types/node": "^20.14.8",
        "concurrently": "7.0.0",
        "downlevel-dts": "0.10.1",
        "premove": "4.0.0",
        "typescript": "~5.8.3",
        "vitest": "^4.0.17"
      },
      "engines": {
        "node": ">=20.0.0"
      }
    },
    "../../../node_modules/.pnpm/@aws-sdk+s3-request-presigner@3.1019.0/node_modules/@aws-sdk/s3-request-presigner": {
      "version": "3.1019.0",
      "license": "Apache-2.0",
      "dependencies": {
        "@aws-sdk/signature-v4-multi-region": "^3.996.14",
        "@aws-sdk/types": "^3.973.6",
        "@aws-sdk/util-format-url": "^3.972.8",
        "@smithy/middleware-endpoint": "^4.4.27",
        "@smithy/protocol-http": "^5.3.12",
        "@smithy/smithy-client": "^4.12.7",
        "@smithy/types": "^4.13.1",
        "tslib": "^2.6.2"
      },
      "devDependencies": {
        "@aws-sdk/client-s3": "3.1019.0",
        "@smithy/hash-node": "^4.2.12",
        "@tsconfig/recommended": "1.0.1",
        "@types/node": "^20.14.8",
        "concurrently": "7.0.0",
        "downlevel-dts": "0.10.1",
        "premove": "4.0.0",
        "typescript": "~5.8.3"
      },
      "engines": {
        "node": ">=20.0.0"
      }
    },
    "../../../node_modules/.pnpm/cors@2.8.6/node_modules/cors": {
      "version": "2.8.6",
      "license": "MIT",
      "dependencies": {
        "object-assign": "^4",
        "vary": "^1"
      },
      "devDependencies": {
        "after": "0.8.2",
        "eslint": "7.30.0",
        "express": "4.21.2",
        "mocha": "9.2.2",
        "nyc": "15.1.0",
        "supertest": "6.1.3"
      },
      "engines": {
        "node": ">= 0.10"
      },
      "funding": {
        "type": "opencollective",
        "url": "https://opencollective.com/express"
      }
    },
    "../../../node_modules/.pnpm/express@4.22.1/node_modules/express": {
      "version": "4.22.1",
      "license": "MIT",
      "dependencies": {
        "accepts": "~1.3.8",
        "array-flatten": "1.1.1",
        "body-parser": "~1.20.3",
        "content-disposition": "~0.5.4",
        "content-type": "~1.0.4",
        "cookie": "~0.7.1",
        "cookie-signature": "~1.0.6",
        "debug": "2.6.9",
        "depd": "2.0.0",
        "encodeurl": "~2.0.0",
        "escape-html": "~1.0.3",
        "etag": "~1.8.1",
        "finalhandler": "~1.3.1",
        "fresh": "~0.5.2",
        "http-errors": "~2.0.0",
        "merge-descriptors": "1.0.3",
        "methods": "~1.1.2",
        "on-finished": "~2.4.1",
        "parseurl": "~1.3.3",
        "path-to-regexp": "~0.1.12",
        "proxy-addr": "~2.0.7",
        "qs": "~6.14.0",
        "range-parser": "~1.2.1",
        "safe-buffer": "5.2.1",
        "send": "~0.19.0",
        "serve-static": "~1.16.2",
        "setprototypeof": "1.2.0",
        "statuses": "~2.0.1",
        "type-is": "~1.6.18",
        "utils-merge": "1.0.1",
        "vary": "~1.1.2"
      },
      "devDependencies": {
        "after": "0.8.2",
        "connect-redis": "3.4.2",
        "cookie-parser": "1.4.6",
        "cookie-session": "2.0.0",
        "ejs": "3.1.9",
        "eslint": "8.47.0",
        "express-session": "1.17.2",
        "hbs": "4.2.0",
        "marked": "0.7.0",
        "method-override": "3.0.0",
        "mocha": "^6.2.2",
        "morgan": "1.10.0",
        "nyc": "^14.1.1",
        "pbkdf2-password": "1.2.1",
        "supertest": "^6.1.6",
        "vhost": "~3.0.2"
      },
      "engines": {
        "node": ">= 0.10.0"
      },
      "funding": {
        "type": "opencollective",
        "url": "https://opencollective.com/express"
      }
    },
    "../../../node_modules/.pnpm/jsonwebtoken@9.0.3/node_modules/jsonwebtoken": {
      "version": "9.0.3",
      "license": "MIT",
      "dependencies": {
        "jws": "^4.0.1",
        "lodash.includes": "^4.3.0",
        "lodash.isboolean": "^3.0.3",
        "lodash.isinteger": "^4.0.4",
        "lodash.isnumber": "^3.0.3",
        "lodash.isplainobject": "^4.0.6",
        "lodash.isstring": "^4.0.1",
        "lodash.once": "^4.0.0",
        "ms": "^2.1.1",
        "semver": "^7.5.4"
      },
      "devDependencies": {
        "atob": "^2.1.2",
        "chai": "^4.1.2",
        "conventional-changelog": "~1.1.0",
        "eslint": "^4.19.1",
        "mocha": "^5.2.0",
        "nsp": "^2.6.2",
        "nyc": "^11.9.0",
        "sinon": "^6.0.0"
      },
      "engines": {
        "node": ">=12",
        "npm": ">=6"
      }
    },
    "node_modules/@aws-sdk/client-s3": {
      "resolved": "../../../node_modules/.pnpm/@aws-sdk+client-s3@3.1019.0/node_modules/@aws-sdk/client-s3",
      "link": true
    },
    "node_modules/@aws-sdk/s3-request-presigner": {
      "resolved": "../../../node_modules/.pnpm/@aws-sdk+s3-request-presigner@3.1019.0/node_modules/@aws-sdk/s3-request-presigner",
      "link": true
    },
    "node_modules/cors": {
      "resolved": "../../../node_modules/.pnpm/cors@2.8.6/node_modules/cors",
      "link": true
    },
    "node_modules/express": {
      "resolved": "../../../node_modules/.pnpm/express@4.22.1/node_modules/express",
      "link": true
    },
    "node_modules/jsonwebtoken": {
      "resolved": "../../../node_modules/.pnpm/jsonwebtoken@9.0.3/node_modules/jsonwebtoken",
      "link": true
    }
  }
}
